
Microsoft Visual Studio Solution File, Format Version 12.00
# Visual Studio Version 17
VisualStudioVersion = 17.5.002.0
MinimumVisualStudioVersion = 10.0.40219.1
Project("{9A19103F-16F7-4668-BE54-9A1E7A4F7556}") = "AwesomeSocialMedia.Users.API", "AwesomeSocialMedia.Users.API.csproj", "{FB2BB226-9925-4B19-B755-74862CF85DAF}"
EndProject
Global
	GlobalSection(SolutionConfigurationPlatforms) = preSolution
		Debug|Any CPU = Debug|Any CPU
		Release|Any CPU = Release|Any CPU
	EndGlobalSection
	GlobalSection(ProjectConfigurationPlatforms) = postSolution
		{FB2BB226-9925-4B19-B755-74862CF85DAF}.Debug|Any CPU.ActiveCfg = Debug|Any CPU
		{FB2BB226-9925-4B19-B755-74862CF85DAF}.Debug|Any CPU.Build.0 = Debug|Any CPU
		{FB2BB226-9925-4B19-B755-74862CF85DAF}.Release|Any CPU.ActiveCfg = Release|Any CPU
		{FB2BB226-9925-4B19-B755-74862CF85DAF}.Release|Any CPU.Build.0 = Release|Any CPU
	EndGlobalSection
	GlobalSection(SolutionProperties) = preSolution
		HideSolutionNode = FALSE
	EndGlobalSection
	GlobalSection(ExtensibilityGlobals) = postSolution
		SolutionGuid = {55EF0621-43AA-4330-BDA4-6CA143DAA6BD}
	EndGlobalSection
EndGlobal
